
Microsoft Visual Studio Solution File, Format Version 12.00
# Visual Studio Version 16
VisualStudioVersion = 16.0.31005.135
MinimumVisualStudioVersion = 10.0.40219.1
Project("{9A19103F-16F7-4668-BE54-9A1E7A4F7556}") = "BlogSystem", "BlogSystem\BlogSystem.csproj", "{A965C419-D51C-40BC-A3E0-7B53D4F03FB0}"
EndProject
Project("{2150E333-8FDC-42A3-9474-1A3956D46DE8}") = "Data", "Data", "{849501A2-EB83-4A17-A0D2-D4796248CF53}"
EndProject
Project("{9A19103F-16F7-4668-BE54-9A1E7A4F7556}") = "BlogSystem.Data", "BlogSystem.Data\BlogSystem.Data.csproj", "{804C35EE-0D87-4194-A642-BB2BEE6DE02E}"
EndProject
Project("{9A19103F-16F7-4668-BE54-9A1E7A4F7556}") = "BlogSystem.Data.Models", "BlogSystem.Data.Models\BlogSystem.Data.Models.csproj", "{67170E36-59F7-438A-9BD8-8F990ECF64B5}"
EndProject
Project("{2150E333-8FDC-42A3-9474-1A3956D46DE8}") = "Solution Items", "Solution Items", "{6DD0D54C-B297-4614-B455-007401721879}"
	ProjectSection(SolutionItems) = preProject
		.editorconfig = .editorconfig
	EndProjectSection
EndProject
Project("{2150E333-8FDC-42A3-9474-1A3956D46DE8}") = "Services", "Services", "{ED02ACA4-8757-454A-8654-555E52583C79}"
EndProject
Project("{FAE04EC0-301F-11D3-BF4B-00C04F79EFBC}") = "BlogSystem.Services", "BlogSystem.Services\BlogSystem.Services.csproj", "{788779E6-DFD8-4163-AAFE-9E2447DDA890}"
EndProject
Global
	GlobalSection(SolutionConfigurationPlatforms) = preSolution
		Debug|Any CPU = Debug|Any CPU
		Release|Any CPU = Release|Any CPU
	EndGlobalSection
	GlobalSection(ProjectConfigurationPlatforms) = postSolution
		{A965C419-D51C-40BC-A3E0-7B53D4F03FB0}.Debug|Any CPU.ActiveCfg = Debug|Any CPU
		{A965C419-D51C-40BC-A3E0-7B53D4F03FB0}.Debug|Any CPU.Build.0 = Debug|Any CPU
		{A965C419-D51C-40BC-A3E0-7B53D4F03FB0}.Release|Any CPU.ActiveCfg = Release|Any CPU
		{A965C419-D51C-40BC-A3E0-7B53D4F03FB0}.Release|Any CPU.Build.0 = Release|Any CPU
		{804C35EE-0D87-4194-A642-BB2BEE6DE02E}.Debug|Any CPU.ActiveCfg = Debug|Any CPU
		{804C35EE-0D87-4194-A642-BB2BEE6DE02E}.Debug|Any CPU.Build.0 = Debug|Any CPU
		{804C35EE-0D87-4194-A642-BB2BEE6DE02E}.Release|Any CPU.ActiveCfg = Release|Any CPU
		{804C35EE-0D87-4194-A642-BB2BEE6DE02E}.Release|Any CPU.Build.0 = Release|Any CPU
		{67170E36-59F7-438A-9BD8-8F990ECF64B5}.Debug|Any CPU.ActiveCfg = Debug|Any CPU
		{67170E36-59F7-438A-9BD8-8F990ECF64B5}.Debug|Any CPU.Build.0 = Debug|Any CPU
		{67170E36-59F7-438A-9BD8-8F990ECF64B5}.Release|Any CPU.ActiveCfg = Release|Any CPU
		{67170E36-59F7-438A-9BD8-8F990ECF64B5}.Release|Any CPU.Build.0 = Release|Any CPU
		{788779E6-DFD8-4163-AAFE-9E2447DDA890}.Debug|Any CPU.ActiveCfg = Debug|Any CPU
		{788779E6-DFD8-4163-AAFE-9E2447DDA890}.Debug|Any CPU.Build.0 = Debug|Any CPU
		{788779E6-DFD8-4163-AAFE-9E2447DDA890}.Release|Any CPU.ActiveCfg = Release|Any CPU
		{788779E6-DFD8-4163-AAFE-9E2447DDA890}.Release|Any CPU.Build.0 = Release|Any CPU
	EndGlobalSection
	GlobalSection(SolutionProperties) = preSolution
		HideSolutionNode = FALSE
	EndGlobalSection
	GlobalSection(NestedProjects) = preSolution
		{804C35EE-0D87-4194-A642-BB2BEE6DE02E} = {849501A2-EB83-4A17-A0D2-D4796248CF53}
		{67170E36-59F7-438A-9BD8-8F990ECF64B5} = {849501A2-EB83-4A17-A0D2-D4796248CF53}
		{788779E6-DFD8-4163-AAFE-9E2447DDA890} = {ED02ACA4-8757-454A-8654-555E52583C79}
	EndGlobalSection
	GlobalSection(ExtensibilityGlobals) = postSolution
		SolutionGuid = {C1DFA2D5-BEE2-4522-9EBA-10B2FC2E73EC}
	EndGlobalSection
EndGlobal
